
Microsoft Visual Studio Solution File, Format Version 12.00
# Visual Studio 14
VisualStudioVersion = 14.0.25123.0
MinimumVisualStudioVersion = 10.0.40219.1
Project("{FAE04EC0-301F-11D3-BF4B-00C04F79EFBC}") = "windows universal app", "windows universal app\windows universal app.csproj", "{3ADF5529-1843-4501-9ED1-CFA91D76B401}"
EndProject
Global
	GlobalSection(SolutionConfigurationPlatforms) = preSolution
		Debug|Any CPU = Debug|Any CPU
		Debug|ARM = Debug|ARM
		Debug|x64 = Debug|x64
		Debug|x86 = Debug|x86
		Release|Any CPU = Release|Any CPU
		Release|ARM = Release|ARM
		Release|x64 = Release|x64
		Release|x86 = Release|x86
	EndGlobalSection
	GlobalSection(ProjectConfigurationPlatforms) = postSolution
		{3ADF5529-1843-4501-9ED1-CFA91D76B401}.Debug|Any CPU.ActiveCfg = Debug|x86
		{3ADF5529-1843-4501-9ED1-CFA91D76B401}.Debug|ARM.ActiveCfg = Debug|ARM
		{3ADF5529-1843-4501-9ED1-CFA91D76B401}.Debug|ARM.Build.0 = Debug|ARM
		{3ADF5529-1843-4501-9ED1-CFA91D76B401}.Debug|ARM.Deploy.0 = Debug|ARM
		{3ADF5529-1843-4501-9ED1-CFA91D76B401}.Debug|x64.ActiveCfg = Debug|x64
		{3ADF5529-1843-4501-9ED1-CFA91D76B401}.Debug|x64.Build.0 = Debug|x64
		{3ADF5529-1843-4501-9ED1-CFA91D76B401}.Debug|x64.Deploy.0 = Debug|x64
		{3ADF5529-1843-4501-9ED1-CFA91D76B401}.Debug|x86.ActiveCfg = Debug|x86
		{3ADF5529-1843-4501-9ED1-CFA91D76B401}.Debug|x86.Build.0 = Debug|x86
		{3ADF5529-1843-4501-9ED1-CFA91D76B401}.Debug|x86.Deploy.0 = Debug|x86
		{3ADF5529-1843-4501-9ED1-CFA91D76B401}.Release|Any CPU.ActiveCfg = Release|x86
		{3ADF5529-1843-4501-9ED1-CFA91D76B401}.Release|ARM.ActiveCfg = Release|ARM
		{3ADF5529-1843-4501-9ED1-CFA91D76B401}.Release|ARM.Build.0 = Release|ARM
		{3ADF5529-1843-4501-9ED1-CFA91D76B401}.Release|ARM.Deploy.0 = Release|ARM
		{3ADF5529-1843-4501-9ED1-CFA91D76B401}.Release|x64.ActiveCfg = Release|x64
		{3ADF5529-1843-4501-9ED1-CFA91D76B401}.Release|x64.Build.0 = Release|x64
		{3ADF5529-1843-4501-9ED1-CFA91D76B401}.Release|x64.Deploy.0 = Release|x64
		{3ADF5529-1843-4501-9ED1-CFA91D76B401}.Release|x86.ActiveCfg = Release|x86
		{3ADF5529-1843-4501-9ED1-CFA91D76B401}.Release|x86.Build.0 = Release|x86
		{3ADF5529-1843-4501-9ED1-CFA91D76B401}.Release|x86.Deploy.0 = Release|x86
	EndGlobalSection
	GlobalSection(SolutionProperties) = preSolution
		HideSolutionNode = FALSE
	EndGlobalSection
EndGlobal
